
Microsoft Visual Studio Solution File, Format Version 12.00
# Visual Studio Version 16
VisualStudioVersion = 16.0.30717.126
MinimumVisualStudioVersion = 10.0.40219.1
Project("{FAE04EC0-301F-11D3-BF4B-00C04F79EFBC}") = "DateTime", "DateTime\DateTime.csproj", "{94464824-7453-4FCB-A6A9-0E2BFAF1F9DF}"
EndProject
Global
	GlobalSection(SolutionConfigurationPlatforms) = preSolution
		Debug|Any CPU = Debug|Any CPU
		Release|Any CPU = Release|Any CPU
	EndGlobalSection
	GlobalSection(ProjectConfigurationPlatforms) = postSolution
		{94464824-7453-4FCB-A6A9-0E2BFAF1F9DF}.Debug|Any CPU.ActiveCfg = Debug|Any CPU
		{94464824-7453-4FCB-A6A9-0E2BFAF1F9DF}.Debug|Any CPU.Build.0 = Debug|Any CPU
		{94464824-7453-4FCB-A6A9-0E2BFAF1F9DF}.Release|Any CPU.ActiveCfg = Release|Any CPU
		{94464824-7453-4FCB-A6A9-0E2BFAF1F9DF}.Release|Any CPU.Build.0 = Release|Any CPU
	EndGlobalSection
	GlobalSection(SolutionProperties) = preSolution
		HideSolutionNode = FALSE
	EndGlobalSection
	GlobalSection(ExtensibilityGlobals) = postSolution
		SolutionGuid = {D7D16AE2-79BF-44CA-81AE-61D9C22A3D8A}
	EndGlobalSection
EndGlobal
