
Microsoft Visual Studio Solution File, Format Version 12.00
# Visual Studio Version 16
VisualStudioVersion = 16.0.30717.126
MinimumVisualStudioVersion = 10.0.40219.1
Project("{FAE04EC0-301F-11D3-BF4B-00C04F79EFBC}") = "EcomFirm", "EcomFirm.csproj", "{BCF8AEC9-A219-4716-99AF-64703FC632E5}"
EndProject
Global
	GlobalSection(SolutionConfigurationPlatforms) = preSolution
		Debug|Any CPU = Debug|Any CPU
		Release|Any CPU = Release|Any CPU
	EndGlobalSection
	GlobalSection(ProjectConfigurationPlatforms) = postSolution
		{BCF8AEC9-A219-4716-99AF-64703FC632E5}.Debug|Any CPU.ActiveCfg = Debug|Any CPU
		{BCF8AEC9-A219-4716-99AF-64703FC632E5}.Debug|Any CPU.Build.0 = Debug|Any CPU
		{BCF8AEC9-A219-4716-99AF-64703FC632E5}.Release|Any CPU.ActiveCfg = Release|Any CPU
		{BCF8AEC9-A219-4716-99AF-64703FC632E5}.Release|Any CPU.Build.0 = Release|Any CPU
	EndGlobalSection
	GlobalSection(SolutionProperties) = preSolution
		HideSolutionNode = FALSE
	EndGlobalSection
	GlobalSection(ExtensibilityGlobals) = postSolution
		SolutionGuid = {12116329-7594-4A76-8770-15BD3A12F586}
	EndGlobalSection
EndGlobal
